
Microsoft Visual Studio Solution File, Format Version 12.00
# Visual Studio 15
VisualStudioVersion = 15.0.28307.329
MinimumVisualStudioVersion = 10.0.40219.1
Project("{F184B08F-C81C-45F6-A57F-5ABD9991F28F}") = "CCS", "CCS\CCS.vbproj", "{295B1CEB-0F9A-48B3-B686-D5082F098CED}"
EndProject
Global
	GlobalSection(SolutionConfigurationPlatforms) = preSolution
		Debug|Any CPU = Debug|Any CPU
		Release|Any CPU = Release|Any CPU
	EndGlobalSection
	GlobalSection(ProjectConfigurationPlatforms) = postSolution
		{295B1CEB-0F9A-48B3-B686-D5082F098CED}.Debug|Any CPU.ActiveCfg = Debug|Any CPU
		{295B1CEB-0F9A-48B3-B686-D5082F098CED}.Debug|Any CPU.Build.0 = Debug|Any CPU
		{295B1CEB-0F9A-48B3-B686-D5082F098CED}.Release|Any CPU.ActiveCfg = Release|Any CPU
		{295B1CEB-0F9A-48B3-B686-D5082F098CED}.Release|Any CPU.Build.0 = Release|Any CPU
	EndGlobalSection
	GlobalSection(SolutionProperties) = preSolution
		HideSolutionNode = FALSE
	EndGlobalSection
	GlobalSection(ExtensibilityGlobals) = postSolution
		SolutionGuid = {CB56AF60-5837-4A09-8683-07E11D61E6CB}
	EndGlobalSection
EndGlobal
